// !$*UTF8*$!
{
	archiveVersion = 1;
	classes = {
	};
	objectVersion = 46;
	objects = {

/* Begin PBXBuildFile section */
		3EA83735A36E0851B6BC9E43 /* libPods-iTunesRestTests.a in Frameworks */ = {isa = PBXBuildFile; fileRef = E67BCF87F19C745AAD5E2FC1 /* libPods-iTunesRestTests.a */; };
		412187DC1A01C94400E544EE /* StringExtensions.swift in Sources */ = {isa = PBXBuildFile; fileRef = 412187DB1A01C94400E544EE /* StringExtensions.swift */; };
		412187E61A01C9D200E544EE /* StringExtensionsTests.swift in Sources */ = {isa = PBXBuildFile; fileRef = 412187E51A01C9D200E544EE /* StringExtensionsTests.swift */; };
		413235121A0078FD00D3C4E5 /* libiTunesRest.dylib in Frameworks */ = {isa = PBXBuildFile; fileRef = 413235061A0078FD00D3C4E5 /* libiTunesRest.dylib */; };
		413235221A00794D00D3C4E5 /* RestResponse.swift in Sources */ = {isa = PBXBuildFile; fileRef = 413235211A00794D00D3C4E5 /* RestResponse.swift */; };
		4168B3C11A166B7B008FD153 /* JSONFunctions.swift in Sources */ = {isa = PBXBuildFile; fileRef = 4168B3C01A166B7B008FD153 /* JSONFunctions.swift */; };
		41CC5CBA1A0E87C900793F7B /* RestCalls.swift in Sources */ = {isa = PBXBuildFile; fileRef = 41CC5CB91A0E87C900793F7B /* RestCalls.swift */; };
		41D39A601A166D0E002490EC /* iTunesRecord.swift in Sources */ = {isa = PBXBuildFile; fileRef = 41D39A5F1A166D0E002490EC /* iTunesRecord.swift */; };
		41EEEE3B1A01441600743A0A /* Nimble.framework in Frameworks */ = {isa = PBXBuildFile; fileRef = 41EEEE3A1A01441600743A0A /* Nimble.framework */; };
		41EEEE3D1A0144DF00743A0A /* iTunesRestTests.swift in Sources */ = {isa = PBXBuildFile; fileRef = 41EEEE3C1A0144DF00743A0A /* iTunesRestTests.swift */; };
/* End PBXBuildFile section */

/* Begin PBXContainerItemProxy section */
		412187BC1A0185EF00E544EE /* PBXContainerItemProxy */ = {
			isa = PBXContainerItemProxy;
			containerPortal = 412187B41A0185EF00E544EE /* Quick.xcodeproj */;
			proxyType = 2;
			remoteGlobalIDString = DAEB6B8E1943873100289F44;
			remoteInfo = "Quick-OSX";
		};
		412187BE1A0185EF00E544EE /* PBXContainerItemProxy */ = {
			isa = PBXContainerItemProxy;
			containerPortal = 412187B41A0185EF00E544EE /* Quick.xcodeproj */;
			proxyType = 2;
			remoteGlobalIDString = DAEB6B991943873100289F44;
			remoteInfo = "Quick-OSXTests";
		};
		412187C01A0185EF00E544EE /* PBXContainerItemProxy */ = {
			isa = PBXContainerItemProxy;
			containerPortal = 412187B41A0185EF00E544EE /* Quick.xcodeproj */;
			proxyType = 2;
			remoteGlobalIDString = 5A5D117C19473F2100F6D13D;
			remoteInfo = "Quick-iOS";
		};
		412187C21A0185EF00E544EE /* PBXContainerItemProxy */ = {
			isa = PBXContainerItemProxy;
			containerPortal = 412187B41A0185EF00E544EE /* Quick.xcodeproj */;
			proxyType = 2;
			remoteGlobalIDString = 5A5D118619473F2100F6D13D;
			remoteInfo = "Quick-iOSTests";
		};
		412187CB1A01860700E544EE /* PBXContainerItemProxy */ = {
			isa = PBXContainerItemProxy;
			containerPortal = 412187C41A01860700E544EE /* Nimble.xcodeproj */;
			proxyType = 2;
			remoteGlobalIDString = 1F1A74291940169200FFFC47;
			remoteInfo = "Nimble-iOS";
		};
		412187CD1A01860700E544EE /* PBXContainerItemProxy */ = {
			isa = PBXContainerItemProxy;
			containerPortal = 412187C41A01860700E544EE /* Nimble.xcodeproj */;
			proxyType = 2;
			remoteGlobalIDString = 1F1A74341940169200FFFC47;
			remoteInfo = "Nimble-iOSTests";
		};
		412187CF1A01860700E544EE /* PBXContainerItemProxy */ = {
			isa = PBXContainerItemProxy;
			containerPortal = 412187C41A01860700E544EE /* Nimble.xcodeproj */;
			proxyType = 2;
			remoteGlobalIDString = 1F925EAD195C0D6300ED456B;
			remoteInfo = "Nimble-OSX";
		};
		412187D11A01860700E544EE /* PBXContainerItemProxy */ = {
			isa = PBXContainerItemProxy;
			containerPortal = 412187C41A01860700E544EE /* Nimble.xcodeproj */;
			proxyType = 2;
			remoteGlobalIDString = 1F925EB7195C0D6300ED456B;
			remoteInfo = "Nimble-OSXTests";
		};
		413235131A0078FD00D3C4E5 /* PBXContainerItemProxy */ = {
			isa = PBXContainerItemProxy;
			containerPortal = 413234FE1A0078FD00D3C4E5 /* Project object */;
			proxyType = 1;
			remoteGlobalIDString = 413235051A0078FD00D3C4E5;
			remoteInfo = iTunesRest;
		};
/* End PBXContainerItemProxy section */

/* Begin PBXFileReference section */
		1849557B06778962B7FD58EA /* Pods-iTunesRestTests.release.xcconfig */ = {isa = PBXFileReference; includeInIndex = 1; lastKnownFileType = text.xcconfig; name = "Pods-iTunesRestTests.release.xcconfig"; path = "../Pods/Target Support Files/Pods-iTunesRestTests/Pods-iTunesRestTests.release.xcconfig"; sourceTree = "<group>"; };
		1D681E2A2A81657B17C8D09C /* Pods-iTunesRestTests.debug.xcconfig */ = {isa = PBXFileReference; includeInIndex = 1; lastKnownFileType = text.xcconfig; name = "Pods-iTunesRestTests.debug.xcconfig"; path = "../Pods/Target Support Files/Pods-iTunesRestTests/Pods-iTunesRestTests.debug.xcconfig"; sourceTree = "<group>"; };
		412187B41A0185EF00E544EE /* Quick.xcodeproj */ = {isa = PBXFileReference; lastKnownFileType = "wrapper.pb-project"; name = Quick.xcodeproj; path = ../../Vendor/Quick/Quick.xcodeproj; sourceTree = "<group>"; };
		412187C41A01860700E544EE /* Nimble.xcodeproj */ = {isa = PBXFileReference; lastKnownFileType = "wrapper.pb-project"; name = Nimble.xcodeproj; path = ../../Vendor/Nimble/Nimble.xcodeproj; sourceTree = "<group>"; };
		412187DB1A01C94400E544EE /* StringExtensions.swift */ = {isa = PBXFileReference; fileEncoding = 4; lastKnownFileType = sourcecode.swift; path = StringExtensions.swift; sourceTree = "<group>"; };
		412187E51A01C9D200E544EE /* StringExtensionsTests.swift */ = {isa = PBXFileReference; fileEncoding = 4; lastKnownFileType = sourcecode.swift; path = StringExtensionsTests.swift; sourceTree = "<group>"; };
		413235061A0078FD00D3C4E5 /* libiTunesRest.dylib */ = {isa = PBXFileReference; explicitFileType = "compiled.mach-o.dylib"; includeInIndex = 0; path = libiTunesRest.dylib; sourceTree = BUILT_PRODUCTS_DIR; };
		413235111A0078FD00D3C4E5 /* iTunesRestTests.xctest */ = {isa = PBXFileReference; explicitFileType = wrapper.cfbundle; includeInIndex = 0; path = iTunesRestTests.xctest; sourceTree = BUILT_PRODUCTS_DIR; };
		413235171A0078FD00D3C4E5 /* Info.plist */ = {isa = PBXFileReference; lastKnownFileType = text.plist.xml; path = Info.plist; sourceTree = "<group>"; };
		413235201A00794D00D3C4E5 /* iTunesRest-Bridging-Header.h */ = {isa = PBXFileReference; lastKnownFileType = sourcecode.c.h; path = "iTunesRest-Bridging-Header.h"; sourceTree = "<group>"; };
		413235211A00794D00D3C4E5 /* RestResponse.swift */ = {isa = PBXFileReference; fileEncoding = 4; lastKnownFileType = sourcecode.swift; path = RestResponse.swift; sourceTree = "<group>"; };
		4168B3C01A166B7B008FD153 /* JSONFunctions.swift */ = {isa = PBXFileReference; fileEncoding = 4; lastKnownFileType = sourcecode.swift; path = JSONFunctions.swift; sourceTree = "<group>"; };
		41CC5CB91A0E87C900793F7B /* RestCalls.swift */ = {isa = PBXFileReference; fileEncoding = 4; lastKnownFileType = sourcecode.swift; path = RestCalls.swift; sourceTree = "<group>"; };
		41D39A5F1A166D0E002490EC /* iTunesRecord.swift */ = {isa = PBXFileReference; fileEncoding = 4; lastKnownFileType = sourcecode.swift; path = iTunesRecord.swift; sourceTree = "<group>"; };
		41EEEE3A1A01441600743A0A /* Nimble.framework */ = {isa = PBXFileReference; lastKnownFileType = wrapper.framework; name = Nimble.framework; path = ../Vendor/Quick/Externals/Nimble/build/Debug/Nimble.framework; sourceTree = "<group>"; };
		41EEEE3C1A0144DF00743A0A /* iTunesRestTests.swift */ = {isa = PBXFileReference; fileEncoding = 4; lastKnownFileType = sourcecode.swift; path = iTunesRestTests.swift; sourceTree = "<group>"; };
		41EEEE401A017AF000743A0A /* iTunesRestTest-Bridging-Header.h */ = {isa = PBXFileReference; lastKnownFileType = sourcecode.c.h; path = "iTunesRestTest-Bridging-Header.h"; sourceTree = "<group>"; };
		E67BCF87F19C745AAD5E2FC1 /* libPods-iTunesRestTests.a */ = {isa = PBXFileReference; explicitFileType = archive.ar; includeInIndex = 0; path = "libPods-iTunesRestTests.a"; sourceTree = BUILT_PRODUCTS_DIR; };
/* End PBXFileReference section */

/* Begin PBXFrameworksBuildPhase section */
		413235031A0078FD00D3C4E5 /* Frameworks */ = {
			isa = PBXFrameworksBuildPhase;
			buildActionMask = 2147483647;
			files = (
			);
			runOnlyForDeploymentPostprocessing = 0;
		};
		4132350E1A0078FD00D3C4E5 /* Frameworks */ = {
			isa = PBXFrameworksBuildPhase;
			buildActionMask = 2147483647;
			files = (
				41EEEE3B1A01441600743A0A /* Nimble.framework in Frameworks */,
				413235121A0078FD00D3C4E5 /* libiTunesRest.dylib in Frameworks */,
				3EA83735A36E0851B6BC9E43 /* libPods-iTunesRestTests.a in Frameworks */,
			);
			runOnlyForDeploymentPostprocessing = 0;
		};
/* End PBXFrameworksBuildPhase section */

/* Begin PBXGroup section */
		412187B51A0185EF00E544EE /* Products */ = {
			isa = PBXGroup;
			children = (
				412187BD1A0185EF00E544EE /* Quick.framework */,
				412187BF1A0185EF00E544EE /* Quick-OSXTests.xctest */,
				412187C11A0185EF00E544EE /* Quick.framework */,
				412187C31A0185EF00E544EE /* Quick-iOSTests.xctest */,
			);
			name = Products;
			sourceTree = "<group>";
		};
		412187C51A01860700E544EE /* Products */ = {
			isa = PBXGroup;
			children = (
				412187CC1A01860700E544EE /* Nimble.framework */,
				412187CE1A01860700E544EE /* NimbleTests.xctest */,
				412187D01A01860700E544EE /* Nimble.framework */,
				412187D21A01860700E544EE /* Nimble-OSXTests.xctest */,
			);
			name = Products;
			sourceTree = "<group>";
		};
		413234FD1A0078FD00D3C4E5 = {
			isa = PBXGroup;
			children = (
				41EEEE3A1A01441600743A0A /* Nimble.framework */,
				413235081A0078FD00D3C4E5 /* iTunesRest */,
				413235151A0078FD00D3C4E5 /* iTunesRestTests */,
				413235071A0078FD00D3C4E5 /* Products */,
				446353A8EC36C75A470C3491 /* Pods */,
				6E8ADFA12DE9B07621810A6F /* Frameworks */,
			);
			sourceTree = "<group>";
		};
		413235071A0078FD00D3C4E5 /* Products */ = {
			isa = PBXGroup;
			children = (
				413235061A0078FD00D3C4E5 /* libiTunesRest.dylib */,
				413235111A0078FD00D3C4E5 /* iTunesRestTests.xctest */,
			);
			name = Products;
			sourceTree = "<group>";
		};
		413235081A0078FD00D3C4E5 /* iTunesRest */ = {
			isa = PBXGroup;
			children = (
				413235211A00794D00D3C4E5 /* RestResponse.swift */,
				413235201A00794D00D3C4E5 /* iTunesRest-Bridging-Header.h */,
				412187DB1A01C94400E544EE /* StringExtensions.swift */,
				41CC5CB91A0E87C900793F7B /* RestCalls.swift */,
				4168B3C01A166B7B008FD153 /* JSONFunctions.swift */,
				41D39A5F1A166D0E002490EC /* iTunesRecord.swift */,
			);
			path = iTunesRest;
			sourceTree = "<group>";
		};
		413235151A0078FD00D3C4E5 /* iTunesRestTests */ = {
			isa = PBXGroup;
			children = (
				412187C41A01860700E544EE /* Nimble.xcodeproj */,
				412187B41A0185EF00E544EE /* Quick.xcodeproj */,
				413235161A0078FD00D3C4E5 /* Supporting Files */,
				41EEEE3C1A0144DF00743A0A /* iTunesRestTests.swift */,
				41EEEE401A017AF000743A0A /* iTunesRestTest-Bridging-Header.h */,
				412187E51A01C9D200E544EE /* StringExtensionsTests.swift */,
			);
			path = iTunesRestTests;
			sourceTree = "<group>";
		};
		413235161A0078FD00D3C4E5 /* Supporting Files */ = {
			isa = PBXGroup;
			children = (
				413235171A0078FD00D3C4E5 /* Info.plist */,
			);
			name = "Supporting Files";
			sourceTree = "<group>";
		};
		446353A8EC36C75A470C3491 /* Pods */ = {
			isa = PBXGroup;
			children = (
				1D681E2A2A81657B17C8D09C /* Pods-iTunesRestTests.debug.xcconfig */,
				1849557B06778962B7FD58EA /* Pods-iTunesRestTests.release.xcconfig */,
			);
			name = Pods;
			sourceTree = "<group>";
		};
		6E8ADFA12DE9B07621810A6F /* Frameworks */ = {
			isa = PBXGroup;
			children = (
				E67BCF87F19C745AAD5E2FC1 /* libPods-iTunesRestTests.a */,
			);
			name = Frameworks;
			sourceTree = "<group>";
		};
/* End PBXGroup section */

/* Begin PBXHeadersBuildPhase section */
		413235041A0078FD00D3C4E5 /* Headers */ = {
			isa = PBXHeadersBuildPhase;
			buildActionMask = 2147483647;
			files = (
			);
			runOnlyForDeploymentPostprocessing = 0;
		};
/* End PBXHeadersBuildPhase section */

/* Begin PBXNativeTarget section */
		413235051A0078FD00D3C4E5 /* iTunesRest */ = {
			isa = PBXNativeTarget;
			buildConfigurationList = 4132351A1A0078FD00D3C4E5 /* Build configuration list for PBXNativeTarget "iTunesRest" */;
			buildPhases = (
				413235021A0078FD00D3C4E5 /* Sources */,
				413235031A0078FD00D3C4E5 /* Frameworks */,
				413235041A0078FD00D3C4E5 /* Headers */,
			);
			buildRules = (
			);
			dependencies = (
			);
			name = iTunesRest;
			productName = iTunesRest;
			productReference = 413235061A0078FD00D3C4E5 /* libiTunesRest.dylib */;
			productType = "com.apple.product-type.library.dynamic";
		};
		413235101A0078FD00D3C4E5 /* iTunesRestTests */ = {
			isa = PBXNativeTarget;
			buildConfigurationList = 4132351D1A0078FD00D3C4E5 /* Build configuration list for PBXNativeTarget "iTunesRestTests" */;
			buildPhases = (
				F165D2060D647A3EAC59BD8B /* Check Pods Manifest.lock */,
				4132350D1A0078FD00D3C4E5 /* Sources */,
				4132350E1A0078FD00D3C4E5 /* Frameworks */,
				4132350F1A0078FD00D3C4E5 /* Resources */,
				EABEE8810F1FB10F6AC6996F /* Copy Pods Resources */,
			);
			buildRules = (
			);
			dependencies = (
				413235141A0078FD00D3C4E5 /* PBXTargetDependency */,
			);
			name = iTunesRestTests;
			productName = iTunesRestTests;
			productReference = 413235111A0078FD00D3C4E5 /* iTunesRestTests.xctest */;
			productType = "com.apple.product-type.bundle.unit-test";
		};
/* End PBXNativeTarget section */

/* Begin PBXProject section */
		413234FE1A0078FD00D3C4E5 /* Project object */ = {
			isa = PBXProject;
			attributes = {
				LastUpgradeCheck = 0610;
				ORGANIZATIONNAME = RSD;
				TargetAttributes = {
					413235051A0078FD00D3C4E5 = {
						CreatedOnToolsVersion = 6.1;
					};
					413235101A0078FD00D3C4E5 = {
						CreatedOnToolsVersion = 6.1;
					};
				};
			};
			buildConfigurationList = 413235011A0078FD00D3C4E5 /* Build configuration list for PBXProject "iTunesRest" */;
			compatibilityVersion = "Xcode 3.2";
			developmentRegion = English;
			hasScannedForEncodings = 0;
			knownRegions = (
				en,
			);
			mainGroup = 413234FD1A0078FD00D3C4E5;
			productRefGroup = 413235071A0078FD00D3C4E5 /* Products */;
			projectDirPath = "";
			projectReferences = (
				{
					ProductGroup = 412187C51A01860700E544EE /* Products */;
					ProjectRef = 412187C41A01860700E544EE /* Nimble.xcodeproj */;
				},
				{
					ProductGroup = 412187B51A0185EF00E544EE /* Products */;
					ProjectRef = 412187B41A0185EF00E544EE /* Quick.xcodeproj */;
				},
			);
			projectRoot = "";
			targets = (
				413235051A0078FD00D3C4E5 /* iTunesRest */,
				413235101A0078FD00D3C4E5 /* iTunesRestTests */,
			);
		};
/* End PBXProject section */

/* Begin PBXReferenceProxy section */
		412187BD1A0185EF00E544EE /* Quick.framework */ = {
			isa = PBXReferenceProxy;
			fileType = wrapper.framework;
			path = Quick.framework;
			remoteRef = 412187BC1A0185EF00E544EE /* PBXContainerItemProxy */;
			sourceTree = BUILT_PRODUCTS_DIR;
		};
		412187BF1A0185EF00E544EE /* Quick-OSXTests.xctest */ = {
			isa = PBXReferenceProxy;
			fileType = wrapper.cfbundle;
			path = "Quick-OSXTests.xctest";
			remoteRef = 412187BE1A0185EF00E544EE /* PBXContainerItemProxy */;
			sourceTree = BUILT_PRODUCTS_DIR;
		};
		412187C11A0185EF00E544EE /* Quick.framework */ = {
			isa = PBXReferenceProxy;
			fileType = wrapper.framework;
			path = Quick.framework;
			remoteRef = 412187C01A0185EF00E544EE /* PBXContainerItemProxy */;
			sourceTree = BUILT_PRODUCTS_DIR;
		};
		412187C31A0185EF00E544EE /* Quick-iOSTests.xctest */ = {
			isa = PBXReferenceProxy;
			fileType = wrapper.cfbundle;
			path = "Quick-iOSTests.xctest";
			remoteRef = 412187C21A0185EF00E544EE /* PBXContainerItemProxy */;
			sourceTree = BUILT_PRODUCTS_DIR;
		};
		412187CC1A01860700E544EE /* Nimble.framework */ = {
			isa = PBXReferenceProxy;
			fileType = wrapper.framework;
			path = Nimble.framework;
			remoteRef = 412187CB1A01860700E544EE /* PBXContainerItemProxy */;
			sourceTree = BUILT_PRODUCTS_DIR;
		};
		412187CE1A01860700E544EE /* NimbleTests.xctest */ = {
			isa = PBXReferenceProxy;
			fileType = wrapper.cfbundle;
			path = NimbleTests.xctest;
			remoteRef = 412187CD1A01860700E544EE /* PBXContainerItemProxy */;
			sourceTree = BUILT_PRODUCTS_DIR;
		};
		412187D01A01860700E544EE /* Nimble.framework */ = {
			isa = PBXReferenceProxy;
			fileType = wrapper.framework;
			path = Nimble.framework;
			remoteRef = 412187CF1A01860700E544EE /* PBXContainerItemProxy */;
			sourceTree = BUILT_PRODUCTS_DIR;
		};
		412187D21A01860700E544EE /* Nimble-OSXTests.xctest */ = {
			isa = PBXReferenceProxy;
			fileType = wrapper.cfbundle;
			path = "Nimble-OSXTests.xctest";
			remoteRef = 412187D11A01860700E544EE /* PBXContainerItemProxy */;
			sourceTree = BUILT_PRODUCTS_DIR;
		};
/* End PBXReferenceProxy section */

/* Begin PBXResourcesBuildPhase section */
		4132350F1A0078FD00D3C4E5 /* Resources */ = {
			isa = PBXResourcesBuildPhase;
			buildActionMask = 2147483647;
			files = (
			);
			runOnlyForDeploymentPostprocessing = 0;
		};
/* End PBXResourcesBuildPhase section */

/* Begin PBXShellScriptBuildPhase section */
		EABEE8810F1FB10F6AC6996F /* Copy Pods Resources */ = {
			isa = PBXShellScriptBuildPhase;
			buildActionMask = 2147483647;
			files = (
			);
			inputPaths = (
			);
			name = "Copy Pods Resources";
			outputPaths = (
			);
			runOnlyForDeploymentPostprocessing = 0;
			shellPath = /bin/sh;
			shellScript = "\"${SRCROOT}/../Pods/Target Support Files/Pods-iTunesRestTests/Pods-iTunesRestTests-resources.sh\"\n";
			showEnvVarsInLog = 0;
		};
		F165D2060D647A3EAC59BD8B /* Check Pods Manifest.lock */ = {
			isa = PBXShellScriptBuildPhase;
			buildActionMask = 2147483647;
			files = (
			);
			inputPaths = (
			);
			name = "Check Pods Manifest.lock";
			outputPaths = (
			);
			runOnlyForDeploymentPostprocessing = 0;
			shellPath = /bin/sh;
			shellScript = "diff \"${PODS_ROOT}/../Podfile.lock\" \"${PODS_ROOT}/Manifest.lock\" > /dev/null\nif [[ $? != 0 ]] ; then\n    cat << EOM\nerror: The sandbox is not in sync with the Podfile.lock. Run 'pod install' or update your CocoaPods installation.\nEOM\n    exit 1\nfi\n";
			showEnvVarsInLog = 0;
		};
/* End PBXShellScriptBuildPhase section */

/* Begin PBXSourcesBuildPhase section */
		413235021A0078FD00D3C4E5 /* Sources */ = {
			isa = PBXSourcesBuildPhase;
			buildActionMask = 2147483647;
			files = (
				412187DC1A01C94400E544EE /* StringExtensions.swift in Sources */,
				41D39A601A166D0E002490EC /* iTunesRecord.swift in Sources */,
				4168B3C11A166B7B008FD153 /* JSONFunctions.swift in Sources */,
				41CC5CBA1A0E87C900793F7B /* RestCalls.swift in Sources */,
				413235221A00794D00D3C4E5 /* RestResponse.swift in Sources */,
			);
			runOnlyForDeploymentPostprocessing = 0;
		};
		4132350D1A0078FD00D3C4E5 /* Sources */ = {
			isa = PBXSourcesBuildPhase;
			buildActionMask = 2147483647;
			files = (
				412187E61A01C9D200E544EE /* StringExtensionsTests.swift in Sources */,
				41EEEE3D1A0144DF00743A0A /* iTunesRestTests.swift in Sources */,
			);
			runOnlyForDeploymentPostprocessing = 0;
		};
/* End PBXSourcesBuildPhase section */

/* Begin PBXTargetDependency section */
		413235141A0078FD00D3C4E5 /* PBXTargetDependency */ = {
			isa = PBXTargetDependency;
			target = 413235051A0078FD00D3C4E5 /* iTunesRest */;
			targetProxy = 413235131A0078FD00D3C4E5 /* PBXContainerItemProxy */;
		};
/* End PBXTargetDependency section */

/* Begin XCBuildConfiguration section */
		413235181A0078FD00D3C4E5 /* Debug */ = {
			isa = XCBuildConfiguration;
			buildSettings = {
				ALWAYS_SEARCH_USER_PATHS = NO;
				CLANG_CXX_LANGUAGE_STANDARD = "gnu++0x";
				CLANG_CXX_LIBRARY = "libc++";
				CLANG_ENABLE_MODULES = YES;
				CLANG_ENABLE_OBJC_ARC = YES;
				CLANG_WARN_BOOL_CONVERSION = YES;
				CLANG_WARN_CONSTANT_CONVERSION = YES;
				CLANG_WARN_DIRECT_OBJC_ISA_USAGE = YES_ERROR;
				CLANG_WARN_EMPTY_BODY = YES;
				CLANG_WARN_ENUM_CONVERSION = YES;
				CLANG_WARN_INT_CONVERSION = YES;
				CLANG_WARN_OBJC_ROOT_CLASS = YES_ERROR;
				CLANG_WARN_UNREACHABLE_CODE = YES;
				CLANG_WARN__DUPLICATE_METHOD_MATCH = YES;
				COPY_PHASE_STRIP = NO;
				ENABLE_STRICT_OBJC_MSGSEND = YES;
				GCC_C_LANGUAGE_STANDARD = gnu99;
				GCC_DYNAMIC_NO_PIC = NO;
				GCC_OPTIMIZATION_LEVEL = 0;
				GCC_PREPROCESSOR_DEFINITIONS = (
					"DEBUG=1",
					"$(inherited)",
				);
				GCC_SYMBOLS_PRIVATE_EXTERN = NO;
				GCC_WARN_64_TO_32_BIT_CONVERSION = YES;
				GCC_WARN_ABOUT_RETURN_TYPE = YES_ERROR;
				GCC_WARN_UNDECLARED_SELECTOR = YES;
				GCC_WARN_UNINITIALIZED_AUTOS = YES_AGGRESSIVE;
				GCC_WARN_UNUSED_FUNCTION = YES;
				GCC_WARN_UNUSED_VARIABLE = YES;
				MACOSX_DEPLOYMENT_TARGET = 10.10;
				MTL_ENABLE_DEBUG_INFO = YES;
				ONLY_ACTIVE_ARCH = YES;
				SDKROOT = macosx;
			};
			name = Debug;
		};
		413235191A0078FD00D3C4E5 /* Release */ = {
			isa = XCBuildConfiguration;
			buildSettings = {
				ALWAYS_SEARCH_USER_PATHS = NO;
				CLANG_CXX_LANGUAGE_STANDARD = "gnu++0x";
				CLANG_CXX_LIBRARY = "libc++";
				CLANG_ENABLE_MODULES = YES;
				CLANG_ENABLE_OBJC_ARC = YES;
				CLANG_WARN_BOOL_CONVERSION = YES;
				CLANG_WARN_CONSTANT_CONVERSION = YES;
				CLANG_WARN_DIRECT_OBJC_ISA_USAGE = YES_ERROR;
				CLANG_WARN_EMPTY_BODY = YES;
				CLANG_WARN_ENUM_CONVERSION = YES;
				CLANG_WARN_INT_CONVERSION = YES;
				CLANG_WARN_OBJC_ROOT_CLASS = YES_ERROR;
				CLANG_WARN_UNREACHABLE_CODE = YES;
				CLANG_WARN__DUPLICATE_METHOD_MATCH = YES;
				COPY_PHASE_STRIP = YES;
				DEBUG_INFORMATION_FORMAT = "dwarf-with-dsym";
				ENABLE_NS_ASSERTIONS = NO;
				ENABLE_STRICT_OBJC_MSGSEND = YES;
				GCC_C_LANGUAGE_STANDARD = gnu99;
				GCC_WARN_64_TO_32_BIT_CONVERSION = YES;
				GCC_WARN_ABOUT_RETURN_TYPE = YES_ERROR;
				GCC_WARN_UNDECLARED_SELECTOR = YES;
				GCC_WARN_UNINITIALIZED_AUTOS = YES_AGGRESSIVE;
				GCC_WARN_UNUSED_FUNCTION = YES;
				GCC_WARN_UNUSED_VARIABLE = YES;
				MACOSX_DEPLOYMENT_TARGET = 10.10;
				MTL_ENABLE_DEBUG_INFO = NO;
				SDKROOT = macosx;
			};
			name = Release;
		};
		4132351B1A0078FD00D3C4E5 /* Debug */ = {
			isa = XCBuildConfiguration;
			buildSettings = {
				CLANG_ENABLE_MODULES = YES;
				DYLIB_COMPATIBILITY_VERSION = 1;
				DYLIB_CURRENT_VERSION = 1;
				EXECUTABLE_PREFIX = lib;
				LD_RUNPATH_SEARCH_PATHS = "$(inherited) @executable_path/../Frameworks @loader_path/../Frameworks";
				PRODUCT_NAME = "$(TARGET_NAME)";
				SWIFT_OBJC_BRIDGING_HEADER = "iTunesRest/iTunesRest-Bridging-Header.h";
				SWIFT_OPTIMIZATION_LEVEL = "-Onone";
			};
			name = Debug;
		};
		4132351C1A0078FD00D3C4E5 /* Release */ = {
			isa = XCBuildConfiguration;
			buildSettings = {
				CLANG_ENABLE_MODULES = YES;
				DYLIB_COMPATIBILITY_VERSION = 1;
				DYLIB_CURRENT_VERSION = 1;
				EXECUTABLE_PREFIX = lib;
				LD_RUNPATH_SEARCH_PATHS = "$(inherited) @executable_path/../Frameworks @loader_path/../Frameworks";
				PRODUCT_NAME = "$(TARGET_NAME)";
				SWIFT_OBJC_BRIDGING_HEADER = "iTunesRest/iTunesRest-Bridging-Header.h";
			};
			name = Release;
		};
		4132351E1A0078FD00D3C4E5 /* Debug */ = {
			isa = XCBuildConfiguration;
			baseConfigurationReference = 1D681E2A2A81657B17C8D09C /* Pods-iTunesRestTests.debug.xcconfig */;
			buildSettings = {
				CLANG_ENABLE_MODULES = YES;
				COMBINE_HIDPI_IMAGES = YES;
				FRAMEWORK_SEARCH_PATHS = (
					"$(DEVELOPER_FRAMEWORKS_DIR)",
					"$(inherited)",
					/Users/ravi/GitHub/CodeMashSample/Vendor/Quick/Externals/Nimble/build/Debug,
				);
				GCC_GENERATE_TEST_COVERAGE_FILES = YES;
				GCC_INSTRUMENT_PROGRAM_FLOW_ARCS = YES;
				GCC_PREPROCESSOR_DEFINITIONS = (
					"DEBUG=1",
					"$(inherited)",
				);
				INFOPLIST_FILE = iTunesRestTests/Info.plist;
				LD_RUNPATH_SEARCH_PATHS = "$(inherited) @executable_path/../Frameworks @loader_path/../Frameworks";
				PRODUCT_NAME = "$(TARGET_NAME)";
				SWIFT_OBJC_BRIDGING_HEADER = "iTunesRestTests/iTunesRestTest-Bridging-Header.h";
				SWIFT_OPTIMIZATION_LEVEL = "-Onone";
			};
			name = Debug;
		};
		4132351F1A0078FD00D3C4E5 /* Release */ = {
			isa = XCBuildConfiguration;
			baseConfigurationReference = 1849557B06778962B7FD58EA /* Pods-iTunesRestTests.release.xcconfig */;
			buildSettings = {
				CLANG_ENABLE_MODULES = YES;
				COMBINE_HIDPI_IMAGES = YES;
				FRAMEWORK_SEARCH_PATHS = (
					"$(DEVELOPER_FRAMEWORKS_DIR)",
					"$(inherited)",
					/Users/ravi/GitHub/CodeMashSample/Vendor/Quick/Externals/Nimble/build/Debug,
				);
				GCC_GENERATE_TEST_COVERAGE_FILES = YES;
				GCC_INSTRUMENT_PROGRAM_FLOW_ARCS = YES;
				INFOPLIST_FILE = iTunesRestTests/Info.plist;
				LD_RUNPATH_SEARCH_PATHS = "$(inherited) @executable_path/../Frameworks @loader_path/../Frameworks";
				PRODUCT_NAME = "$(TARGET_NAME)";
				SWIFT_OBJC_BRIDGING_HEADER = "iTunesRestTests/iTunesRestTest-Bridging-Header.h";
			};
			name = Release;
		};
/* End XCBuildConfiguration section */

/* Begin XCConfigurationList section */
		413235011A0078FD00D3C4E5 /* Build configuration list for PBXProject "iTunesRest" */ = {
			isa = XCConfigurationList;
			buildConfigurations = (
				413235181A0078FD00D3C4E5 /* Debug */,
				413235191A0078FD00D3C4E5 /* Release */,
			);
			defaultConfigurationIsVisible = 0;
			defaultConfigurationName = Release;
		};
		4132351A1A0078FD00D3C4E5 /* Build configuration list for PBXNativeTarget "iTunesRest" */ = {
			isa = XCConfigurationList;
			buildConfigurations = (
				4132351B1A0078FD00D3C4E5 /* Debug */,
				4132351C1A0078FD00D3C4E5 /* Release */,
			);
			defaultConfigurationIsVisible = 0;
			defaultConfigurationName = Release;
		};
		4132351D1A0078FD00D3C4E5 /* Build configuration list for PBXNativeTarget "iTunesRestTests" */ = {
			isa = XCConfigurationList;
			buildConfigurations = (
				4132351E1A0078FD00D3C4E5 /* Debug */,
				4132351F1A0078FD00D3C4E5 /* Release */,
			);
			defaultConfigurationIsVisible = 0;
			defaultConfigurationName = Release;
		};
/* End XCConfigurationList section */
	};
	rootObject = 413234FE1A0078FD00D3C4E5 /* Project object */;
}
