// !$*UTF8*$!
{
	archiveVersion = 1;
	classes = {
	};
	objectVersion = 46;
	objects = {

/* Begin PBXBuildFile section */
		413235121A0078FD00D3C4E5 /* libiTunesRest.dylib in Frameworks */ = {isa = PBXBuildFile; fileRef = 413235061A0078FD00D3C4E5 /* libiTunesRest.dylib */; };
		413235221A00794D00D3C4E5 /* RestResponse.swift in Sources */ = {isa = PBXBuildFile; fileRef = 413235211A00794D00D3C4E5 /* RestResponse.swift */; };
/* End PBXBuildFile section */

/* Begin PBXContainerItemProxy section */
		413235131A0078FD00D3C4E5 /* PBXContainerItemProxy */ = {
			isa = PBXContainerItemProxy;
			containerPortal = 413234FE1A0078FD00D3C4E5 /* Project object */;
			proxyType = 1;
			remoteGlobalIDString = 413235051A0078FD00D3C4E5;
			remoteInfo = iTunesRest;
		};
/* End PBXContainerItemProxy section */

/* Begin PBXFileReference section */
		413235061A0078FD00D3C4E5 /* libiTunesRest.dylib */ = {isa = PBXFileReference; explicitFileType = "compiled.mach-o.dylib"; includeInIndex = 0; path = libiTunesRest.dylib; sourceTree = BUILT_PRODUCTS_DIR; };
		413235111A0078FD00D3C4E5 /* iTunesRestTests.xctest */ = {isa = PBXFileReference; explicitFileType = wrapper.cfbundle; includeInIndex = 0; path = iTunesRestTests.xctest; sourceTree = BUILT_PRODUCTS_DIR; };
		413235171A0078FD00D3C4E5 /* Info.plist */ = {isa = PBXFileReference; lastKnownFileType = text.plist.xml; path = Info.plist; sourceTree = "<group>"; };
		413235201A00794D00D3C4E5 /* iTunesRest-Bridging-Header.h */ = {isa = PBXFileReference; lastKnownFileType = sourcecode.c.h; path = "iTunesRest-Bridging-Header.h"; sourceTree = "<group>"; };
		413235211A00794D00D3C4E5 /* RestResponse.swift */ = {isa = PBXFileReference; fileEncoding = 4; lastKnownFileType = sourcecode.swift; path = RestResponse.swift; sourceTree = "<group>"; };
/* End PBXFileReference section */

/* Begin PBXFrameworksBuildPhase section */
		413235031A0078FD00D3C4E5 /* Frameworks */ = {
			isa = PBXFrameworksBuildPhase;
			buildActionMask = 2147483647;
			files = (
			);
			runOnlyForDeploymentPostprocessing = 0;
		};
		4132350E1A0078FD00D3C4E5 /* Frameworks */ = {
			isa = PBXFrameworksBuildPhase;
			buildActionMask = 2147483647;
			files = (
				413235121A0078FD00D3C4E5 /* libiTunesRest.dylib in Frameworks */,
			);
			runOnlyForDeploymentPostprocessing = 0;
		};
/* End PBXFrameworksBuildPhase section */

/* Begin PBXGroup section */
		413234FD1A0078FD00D3C4E5 = {
			isa = PBXGroup;
			children = (
				413235081A0078FD00D3C4E5 /* iTunesRest */,
				413235151A0078FD00D3C4E5 /* iTunesRestTests */,
				413235071A0078FD00D3C4E5 /* Products */,
			);
			sourceTree = "<group>";
		};
		413235071A0078FD00D3C4E5 /* Products */ = {
			isa = PBXGroup;
			children = (
				413235061A0078FD00D3C4E5 /* libiTunesRest.dylib */,
				413235111A0078FD00D3C4E5 /* iTunesRestTests.xctest */,
			);
			name = Products;
			sourceTree = "<group>";
		};
		413235081A0078FD00D3C4E5 /* iTunesRest */ = {
			isa = PBXGroup;
			children = (
				413235211A00794D00D3C4E5 /* RestResponse.swift */,
				413235201A00794D00D3C4E5 /* iTunesRest-Bridging-Header.h */,
			);
			path = iTunesRest;
			sourceTree = "<group>";
		};
		413235151A0078FD00D3C4E5 /* iTunesRestTests */ = {
			isa = PBXGroup;
			children = (
				413235161A0078FD00D3C4E5 /* Supporting Files */,
			);
			path = iTunesRestTests;
			sourceTree = "<group>";
		};
		413235161A0078FD00D3C4E5 /* Supporting Files */ = {
			isa = PBXGroup;
			children = (
				413235171A0078FD00D3C4E5 /* Info.plist */,
			);
			name = "Supporting Files";
			sourceTree = "<group>";
		};
/* End PBXGroup section */

/* Begin PBXHeadersBuildPhase section */
		413235041A0078FD00D3C4E5 /* Headers */ = {
			isa = PBXHeadersBuildPhase;
			buildActionMask = 2147483647;
			files = (
			);
			runOnlyForDeploymentPostprocessing = 0;
		};
/* End PBXHeadersBuildPhase section */

/* Begin PBXNativeTarget section */
		413235051A0078FD00D3C4E5 /* iTunesRest */ = {
			isa = PBXNativeTarget;
			buildConfigurationList = 4132351A1A0078FD00D3C4E5 /* Build configuration list for PBXNativeTarget "iTunesRest" */;
			buildPhases = (
				413235021A0078FD00D3C4E5 /* Sources */,
				413235031A0078FD00D3C4E5 /* Frameworks */,
				413235041A0078FD00D3C4E5 /* Headers */,
			);
			buildRules = (
			);
			dependencies = (
			);
			name = iTunesRest;
			productName = iTunesRest;
			productReference = 413235061A0078FD00D3C4E5 /* libiTunesRest.dylib */;
			productType = "com.apple.product-type.library.dynamic";
		};
		413235101A0078FD00D3C4E5 /* iTunesRestTests */ = {
			isa = PBXNativeTarget;
			buildConfigurationList = 4132351D1A0078FD00D3C4E5 /* Build configuration list for PBXNativeTarget "iTunesRestTests" */;
			buildPhases = (
				4132350D1A0078FD00D3C4E5 /* Sources */,
				4132350E1A0078FD00D3C4E5 /* Frameworks */,
				4132350F1A0078FD00D3C4E5 /* Resources */,
			);
			buildRules = (
			);
			dependencies = (
				413235141A0078FD00D3C4E5 /* PBXTargetDependency */,
			);
			name = iTunesRestTests;
			productName = iTunesRestTests;
			productReference = 413235111A0078FD00D3C4E5 /* iTunesRestTests.xctest */;
			productType = "com.apple.product-type.bundle.unit-test";
		};
/* End PBXNativeTarget section */

/* Begin PBXProject section */
		413234FE1A0078FD00D3C4E5 /* Project object */ = {
			isa = PBXProject;
			attributes = {
				LastUpgradeCheck = 0610;
				ORGANIZATIONNAME = RSD;
				TargetAttributes = {
					413235051A0078FD00D3C4E5 = {
						CreatedOnToolsVersion = 6.1;
					};
					413235101A0078FD00D3C4E5 = {
						CreatedOnToolsVersion = 6.1;
					};
				};
			};
			buildConfigurationList = 413235011A0078FD00D3C4E5 /* Build configuration list for PBXProject "iTunesRest" */;
			compatibilityVersion = "Xcode 3.2";
			developmentRegion = English;
			hasScannedForEncodings = 0;
			knownRegions = (
				en,
			);
			mainGroup = 413234FD1A0078FD00D3C4E5;
			productRefGroup = 413235071A0078FD00D3C4E5 /* Products */;
			projectDirPath = "";
			projectRoot = "";
			targets = (
				413235051A0078FD00D3C4E5 /* iTunesRest */,
				413235101A0078FD00D3C4E5 /* iTunesRestTests */,
			);
		};
/* End PBXProject section */

/* Begin PBXResourcesBuildPhase section */
		4132350F1A0078FD00D3C4E5 /* Resources */ = {
			isa = PBXResourcesBuildPhase;
			buildActionMask = 2147483647;
			files = (
			);
			runOnlyForDeploymentPostprocessing = 0;
		};
/* End PBXResourcesBuildPhase section */

/* Begin PBXSourcesBuildPhase section */
		413235021A0078FD00D3C4E5 /* Sources */ = {
			isa = PBXSourcesBuildPhase;
			buildActionMask = 2147483647;
			files = (
				413235221A00794D00D3C4E5 /* RestResponse.swift in Sources */,
			);
			runOnlyForDeploymentPostprocessing = 0;
		};
		4132350D1A0078FD00D3C4E5 /* Sources */ = {
			isa = PBXSourcesBuildPhase;
			buildActionMask = 2147483647;
			files = (
			);
			runOnlyForDeploymentPostprocessing = 0;
		};
/* End PBXSourcesBuildPhase section */

/* Begin PBXTargetDependency section */
		413235141A0078FD00D3C4E5 /* PBXTargetDependency */ = {
			isa = PBXTargetDependency;
			target = 413235051A0078FD00D3C4E5 /* iTunesRest */;
			targetProxy = 413235131A0078FD00D3C4E5 /* PBXContainerItemProxy */;
		};
/* End PBXTargetDependency section */

/* Begin XCBuildConfiguration section */
		413235181A0078FD00D3C4E5 /* Debug */ = {
			isa = XCBuildConfiguration;
			buildSettings = {
				ALWAYS_SEARCH_USER_PATHS = NO;
				CLANG_CXX_LANGUAGE_STANDARD = "gnu++0x";
				CLANG_CXX_LIBRARY = "libc++";
				CLANG_ENABLE_MODULES = YES;
				CLANG_ENABLE_OBJC_ARC = YES;
				CLANG_WARN_BOOL_CONVERSION = YES;
				CLANG_WARN_CONSTANT_CONVERSION = YES;
				CLANG_WARN_DIRECT_OBJC_ISA_USAGE = YES_ERROR;
				CLANG_WARN_EMPTY_BODY = YES;
				CLANG_WARN_ENUM_CONVERSION = YES;
				CLANG_WARN_INT_CONVERSION = YES;
				CLANG_WARN_OBJC_ROOT_CLASS = YES_ERROR;
				CLANG_WARN_UNREACHABLE_CODE = YES;
				CLANG_WARN__DUPLICATE_METHOD_MATCH = YES;
				COPY_PHASE_STRIP = NO;
				ENABLE_STRICT_OBJC_MSGSEND = YES;
				GCC_C_LANGUAGE_STANDARD = gnu99;
				GCC_DYNAMIC_NO_PIC = NO;
				GCC_OPTIMIZATION_LEVEL = 0;
				GCC_PREPROCESSOR_DEFINITIONS = (
					"DEBUG=1",
					"$(inherited)",
				);
				GCC_SYMBOLS_PRIVATE_EXTERN = NO;
				GCC_WARN_64_TO_32_BIT_CONVERSION = YES;
				GCC_WARN_ABOUT_RETURN_TYPE = YES_ERROR;
				GCC_WARN_UNDECLARED_SELECTOR = YES;
				GCC_WARN_UNINITIALIZED_AUTOS = YES_AGGRESSIVE;
				GCC_WARN_UNUSED_FUNCTION = YES;
				GCC_WARN_UNUSED_VARIABLE = YES;
				MACOSX_DEPLOYMENT_TARGET = 10.10;
				MTL_ENABLE_DEBUG_INFO = YES;
				ONLY_ACTIVE_ARCH = YES;
				SDKROOT = macosx;
			};
			name = Debug;
		};
		413235191A0078FD00D3C4E5 /* Release */ = {
			isa = XCBuildConfiguration;
			buildSettings = {
				ALWAYS_SEARCH_USER_PATHS = NO;
				CLANG_CXX_LANGUAGE_STANDARD = "gnu++0x";
				CLANG_CXX_LIBRARY = "libc++";
				CLANG_ENABLE_MODULES = YES;
				CLANG_ENABLE_OBJC_ARC = YES;
				CLANG_WARN_BOOL_CONVERSION = YES;
				CLANG_WARN_CONSTANT_CONVERSION = YES;
				CLANG_WARN_DIRECT_OBJC_ISA_USAGE = YES_ERROR;
				CLANG_WARN_EMPTY_BODY = YES;
				CLANG_WARN_ENUM_CONVERSION = YES;
				CLANG_WARN_INT_CONVERSION = YES;
				CLANG_WARN_OBJC_ROOT_CLASS = YES_ERROR;
				CLANG_WARN_UNREACHABLE_CODE = YES;
				CLANG_WARN__DUPLICATE_METHOD_MATCH = YES;
				COPY_PHASE_STRIP = YES;
				DEBUG_INFORMATION_FORMAT = "dwarf-with-dsym";
				ENABLE_NS_ASSERTIONS = NO;
				ENABLE_STRICT_OBJC_MSGSEND = YES;
				GCC_C_LANGUAGE_STANDARD = gnu99;
				GCC_WARN_64_TO_32_BIT_CONVERSION = YES;
				GCC_WARN_ABOUT_RETURN_TYPE = YES_ERROR;
				GCC_WARN_UNDECLARED_SELECTOR = YES;
				GCC_WARN_UNINITIALIZED_AUTOS = YES_AGGRESSIVE;
				GCC_WARN_UNUSED_FUNCTION = YES;
				GCC_WARN_UNUSED_VARIABLE = YES;
				MACOSX_DEPLOYMENT_TARGET = 10.10;
				MTL_ENABLE_DEBUG_INFO = NO;
				SDKROOT = macosx;
			};
			name = Release;
		};
		4132351B1A0078FD00D3C4E5 /* Debug */ = {
			isa = XCBuildConfiguration;
			buildSettings = {
				CLANG_ENABLE_MODULES = YES;
				DYLIB_COMPATIBILITY_VERSION = 1;
				DYLIB_CURRENT_VERSION = 1;
				EXECUTABLE_PREFIX = lib;
				LD_RUNPATH_SEARCH_PATHS = "$(inherited) @executable_path/../Frameworks @loader_path/../Frameworks";
				PRODUCT_NAME = "$(TARGET_NAME)";
				SWIFT_OBJC_BRIDGING_HEADER = "iTunesRest/iTunesRest-Bridging-Header.h";
				SWIFT_OPTIMIZATION_LEVEL = "-Onone";
			};
			name = Debug;
		};
		4132351C1A0078FD00D3C4E5 /* Release */ = {
			isa = XCBuildConfiguration;
			buildSettings = {
				CLANG_ENABLE_MODULES = YES;
				DYLIB_COMPATIBILITY_VERSION = 1;
				DYLIB_CURRENT_VERSION = 1;
				EXECUTABLE_PREFIX = lib;
				LD_RUNPATH_SEARCH_PATHS = "$(inherited) @executable_path/../Frameworks @loader_path/../Frameworks";
				PRODUCT_NAME = "$(TARGET_NAME)";
				SWIFT_OBJC_BRIDGING_HEADER = "iTunesRest/iTunesRest-Bridging-Header.h";
			};
			name = Release;
		};
		4132351E1A0078FD00D3C4E5 /* Debug */ = {
			isa = XCBuildConfiguration;
			buildSettings = {
				COMBINE_HIDPI_IMAGES = YES;
				FRAMEWORK_SEARCH_PATHS = (
					"$(DEVELOPER_FRAMEWORKS_DIR)",
					"$(inherited)",
				);
				GCC_PREPROCESSOR_DEFINITIONS = (
					"DEBUG=1",
					"$(inherited)",
				);
				INFOPLIST_FILE = iTunesRestTests/Info.plist;
				LD_RUNPATH_SEARCH_PATHS = "$(inherited) @executable_path/../Frameworks @loader_path/../Frameworks";
				PRODUCT_NAME = "$(TARGET_NAME)";
			};
			name = Debug;
		};
		4132351F1A0078FD00D3C4E5 /* Release */ = {
			isa = XCBuildConfiguration;
			buildSettings = {
				COMBINE_HIDPI_IMAGES = YES;
				FRAMEWORK_SEARCH_PATHS = (
					"$(DEVELOPER_FRAMEWORKS_DIR)",
					"$(inherited)",
				);
				INFOPLIST_FILE = iTunesRestTests/Info.plist;
				LD_RUNPATH_SEARCH_PATHS = "$(inherited) @executable_path/../Frameworks @loader_path/../Frameworks";
				PRODUCT_NAME = "$(TARGET_NAME)";
			};
			name = Release;
		};
/* End XCBuildConfiguration section */

/* Begin XCConfigurationList section */
		413235011A0078FD00D3C4E5 /* Build configuration list for PBXProject "iTunesRest" */ = {
			isa = XCConfigurationList;
			buildConfigurations = (
				413235181A0078FD00D3C4E5 /* Debug */,
				413235191A0078FD00D3C4E5 /* Release */,
			);
			defaultConfigurationIsVisible = 0;
			defaultConfigurationName = Release;
		};
		4132351A1A0078FD00D3C4E5 /* Build configuration list for PBXNativeTarget "iTunesRest" */ = {
			isa = XCConfigurationList;
			buildConfigurations = (
				4132351B1A0078FD00D3C4E5 /* Debug */,
				4132351C1A0078FD00D3C4E5 /* Release */,
			);
			defaultConfigurationIsVisible = 0;
		};
		4132351D1A0078FD00D3C4E5 /* Build configuration list for PBXNativeTarget "iTunesRestTests" */ = {
			isa = XCConfigurationList;
			buildConfigurations = (
				4132351E1A0078FD00D3C4E5 /* Debug */,
				4132351F1A0078FD00D3C4E5 /* Release */,
			);
			defaultConfigurationIsVisible = 0;
		};
/* End XCConfigurationList section */
	};
	rootObject = 413234FE1A0078FD00D3C4E5 /* Project object */;
}
